// !$*UTF8*$!
{
	archiveVersion = 1;
	classes = {
	};
	objectVersion = 77;
	objects = {

/* Begin PBXBuildFile section */
		110000000000000000000001 /* HouseholdLedgerApp.swift in Sources */ = {isa = PBXBuildFile; fileRef = 110000000000000000000011 /* HouseholdLedgerApp.swift */; };
		110000000000000000000002 /* RootView.swift in Sources */ = {isa = PBXBuildFile; fileRef = 110000000000000000000012 /* RootView.swift */; };
		110000000000000000000003 /* LedgerStore.swift in Sources */ = {isa = PBXBuildFile; fileRef = 110000000000000000000013 /* LedgerStore.swift */; };
		110000000000000000000004 /* Models.swift in Sources */ = {isa = PBXBuildFile; fileRef = 110000000000000000000014 /* Models.swift */; };
		110000000000000000000005 /* Assets.xcassets in Resources */ = {isa = PBXBuildFile; fileRef = 110000000000000000000016 /* Assets.xcassets */; };
		110000000000000000000006 /* AddExpenseView.swift in Sources */ = {isa = PBXBuildFile; fileRef = 110000000000000000000017 /* AddExpenseView.swift */; };
		110000000000000000000007 /* ExpenseListView.swift in Sources */ = {isa = PBXBuildFile; fileRef = 110000000000000000000018 /* ExpenseListView.swift */; };
		110000000000000000000008 /* OverviewView.swift in Sources */ = {isa = PBXBuildFile; fileRef = 110000000000000000000019 /* OverviewView.swift */; };
		110000000000000000000009 /* SettlementManagementView.swift in Sources */ = {isa = PBXBuildFile; fileRef = 110000000000000000000020 /* SettlementManagementView.swift */; };
		110000000000000000000010 /* RecentSettlementsSection.swift in Sources */ = {isa = PBXBuildFile; fileRef = 110000000000000000000022 /* RecentSettlementsSection.swift */; };
		110000000000000000000090 /* SummarySection.swift in Sources */ = {isa = PBXBuildFile; fileRef = 110000000000000000000023 /* SummarySection.swift */; };
		110000000000000000000091 /* ExpenseRow.swift in Sources */ = {isa = PBXBuildFile; fileRef = 110000000000000000000024 /* ExpenseRow.swift */; };
		110000000000000000000092 /* MetricRow.swift in Sources */ = {isa = PBXBuildFile; fileRef = 110000000000000000000025 /* MetricRow.swift */; };
		110000000000000000000093 /* SettlementMessage.swift in Sources */ = {isa = PBXBuildFile; fileRef = 110000000000000000000026 /* SettlementMessage.swift */; };
		110000000000000000000094 /* LedgerFormatters.swift in Sources */ = {isa = PBXBuildFile; fileRef = 110000000000000000000027 /* LedgerFormatters.swift */; };
/* End PBXBuildFile section */

/* Begin PBXFileReference section */
		110000000000000000000011 /* HouseholdLedgerApp.swift */ = {isa = PBXFileReference; lastKnownFileType = sourcecode.swift; path = HouseholdLedgerApp.swift; sourceTree = "<group>"; };
		110000000000000000000012 /* RootView.swift */ = {isa = PBXFileReference; lastKnownFileType = sourcecode.swift; path = RootView.swift; sourceTree = "<group>"; };
		110000000000000000000013 /* LedgerStore.swift */ = {isa = PBXFileReference; lastKnownFileType = sourcecode.swift; path = LedgerStore.swift; sourceTree = "<group>"; };
		110000000000000000000014 /* Models.swift */ = {isa = PBXFileReference; lastKnownFileType = sourcecode.swift; path = Models.swift; sourceTree = "<group>"; };
		110000000000000000000015 /* HouseholdLedger.app */ = {isa = PBXFileReference; explicitFileType = wrapper.application; includeInIndex = 0; path = HouseholdLedger.app; sourceTree = BUILT_PRODUCTS_DIR; };
		110000000000000000000016 /* Assets.xcassets */ = {isa = PBXFileReference; lastKnownFileType = folder.assetcatalog; path = Assets.xcassets; sourceTree = "<group>"; };
		110000000000000000000017 /* AddExpenseView.swift */ = {isa = PBXFileReference; lastKnownFileType = sourcecode.swift; path = AddExpenseView.swift; sourceTree = "<group>"; };
		110000000000000000000018 /* ExpenseListView.swift */ = {isa = PBXFileReference; lastKnownFileType = sourcecode.swift; path = ExpenseListView.swift; sourceTree = "<group>"; };
		110000000000000000000019 /* OverviewView.swift */ = {isa = PBXFileReference; lastKnownFileType = sourcecode.swift; path = OverviewView.swift; sourceTree = "<group>"; };
		110000000000000000000020 /* SettlementManagementView.swift */ = {isa = PBXFileReference; lastKnownFileType = sourcecode.swift; path = SettlementManagementView.swift; sourceTree = "<group>"; };
		110000000000000000000022 /* RecentSettlementsSection.swift */ = {isa = PBXFileReference; lastKnownFileType = sourcecode.swift; path = RecentSettlementsSection.swift; sourceTree = "<group>"; };
		110000000000000000000023 /* SummarySection.swift */ = {isa = PBXFileReference; lastKnownFileType = sourcecode.swift; path = SummarySection.swift; sourceTree = "<group>"; };
		110000000000000000000024 /* ExpenseRow.swift */ = {isa = PBXFileReference; lastKnownFileType = sourcecode.swift; path = ExpenseRow.swift; sourceTree = "<group>"; };
		110000000000000000000025 /* MetricRow.swift */ = {isa = PBXFileReference; lastKnownFileType = sourcecode.swift; path = MetricRow.swift; sourceTree = "<group>"; };
		110000000000000000000026 /* SettlementMessage.swift */ = {isa = PBXFileReference; lastKnownFileType = sourcecode.swift; path = SettlementMessage.swift; sourceTree = "<group>"; };
		110000000000000000000027 /* LedgerFormatters.swift */ = {isa = PBXFileReference; lastKnownFileType = sourcecode.swift; path = LedgerFormatters.swift; sourceTree = "<group>"; };
/* End PBXFileReference section */

/* Begin PBXFrameworksBuildPhase section */
		110000000000000000000021 /* Frameworks */ = {
			isa = PBXFrameworksBuildPhase;
			buildActionMask = 2147483647;
			files = (
			);
			runOnlyForDeploymentPostprocessing = 0;
		};
/* End PBXFrameworksBuildPhase section */

/* Begin PBXGroup section */
		110000000000000000000031 = {
			isa = PBXGroup;
			children = (
				110000000000000000000032 /* HouseholdLedger */,
				110000000000000000000033 /* Products */,
			);
			sourceTree = "<group>";
		};
		110000000000000000000032 /* HouseholdLedger */ = {
			isa = PBXGroup;
			children = (
				110000000000000000000100 /* App */,
				110000000000000000000101 /* Features */,
				110000000000000000000108 /* Core */,
				110000000000000000000111 /* Shared */,
				110000000000000000000114 /* Resources */,
			);
			path = HouseholdLedger;
			sourceTree = "<group>";
		};
		110000000000000000000033 /* Products */ = {
			isa = PBXGroup;
			children = (
				110000000000000000000015 /* HouseholdLedger.app */,
			);
			name = Products;
			sourceTree = "<group>";
		};
		110000000000000000000100 /* App */ = {
			isa = PBXGroup;
			children = (
				110000000000000000000011 /* HouseholdLedgerApp.swift */,
				110000000000000000000012 /* RootView.swift */,
			);
			path = App;
			sourceTree = "<group>";
		};
		110000000000000000000101 /* Features */ = {
			isa = PBXGroup;
			children = (
				110000000000000000000102 /* Expenses */,
				110000000000000000000104 /* Overview */,
				110000000000000000000106 /* Settlements */,
			);
			path = Features;
			sourceTree = "<group>";
		};
		110000000000000000000102 /* Expenses */ = {
			isa = PBXGroup;
			children = (
				110000000000000000000103 /* Views */,
			);
			path = Expenses;
			sourceTree = "<group>";
		};
		110000000000000000000103 /* Views */ = {
			isa = PBXGroup;
			children = (
				110000000000000000000017 /* AddExpenseView.swift */,
				110000000000000000000018 /* ExpenseListView.swift */,
			);
			path = Views;
			sourceTree = "<group>";
		};
		110000000000000000000104 /* Overview */ = {
			isa = PBXGroup;
			children = (
				110000000000000000000105 /* Views */,
			);
			path = Overview;
			sourceTree = "<group>";
		};
		110000000000000000000105 /* Views */ = {
			isa = PBXGroup;
			children = (
				110000000000000000000019 /* OverviewView.swift */,
			);
			path = Views;
			sourceTree = "<group>";
		};
		110000000000000000000106 /* Settlements */ = {
			isa = PBXGroup;
			children = (
				110000000000000000000107 /* Views */,
			);
			path = Settlements;
			sourceTree = "<group>";
		};
		110000000000000000000107 /* Views */ = {
			isa = PBXGroup;
			children = (
				110000000000000000000020 /* SettlementManagementView.swift */,
				110000000000000000000022 /* RecentSettlementsSection.swift */,
			);
			path = Views;
			sourceTree = "<group>";
		};
		110000000000000000000108 /* Core */ = {
			isa = PBXGroup;
			children = (
				110000000000000000000109 /* Models */,
				110000000000000000000110 /* Persistence */,
			);
			path = Core;
			sourceTree = "<group>";
		};
		110000000000000000000109 /* Models */ = {
			isa = PBXGroup;
			children = (
				110000000000000000000014 /* Models.swift */,
			);
			path = Models;
			sourceTree = "<group>";
		};
		110000000000000000000110 /* Persistence */ = {
			isa = PBXGroup;
			children = (
				110000000000000000000013 /* LedgerStore.swift */,
			);
			path = Persistence;
			sourceTree = "<group>";
		};
		110000000000000000000111 /* Shared */ = {
			isa = PBXGroup;
			children = (
				110000000000000000000112 /* UI */,
				110000000000000000000113 /* Utilities */,
			);
			path = Shared;
			sourceTree = "<group>";
		};
		110000000000000000000112 /* UI */ = {
			isa = PBXGroup;
			children = (
				110000000000000000000024 /* ExpenseRow.swift */,
				110000000000000000000025 /* MetricRow.swift */,
				110000000000000000000026 /* SettlementMessage.swift */,
				110000000000000000000023 /* SummarySection.swift */,
			);
			path = UI;
			sourceTree = "<group>";
		};
		110000000000000000000113 /* Utilities */ = {
			isa = PBXGroup;
			children = (
				110000000000000000000027 /* LedgerFormatters.swift */,
			);
			path = Utilities;
			sourceTree = "<group>";
		};
		110000000000000000000114 /* Resources */ = {
			isa = PBXGroup;
			children = (
				110000000000000000000016 /* Assets.xcassets */,
			);
			path = Resources;
			sourceTree = "<group>";
		};
/* End PBXGroup section */

/* Begin PBXNativeTarget section */
		110000000000000000000041 /* HouseholdLedger */ = {
			isa = PBXNativeTarget;
			buildConfigurationList = 110000000000000000000071 /* Build configuration list for PBXNativeTarget "HouseholdLedger" */;
			buildPhases = (
				110000000000000000000051 /* Sources */,
				110000000000000000000021 /* Frameworks */,
				110000000000000000000052 /* Resources */,
			);
			buildRules = (
			);
			dependencies = (
			);
			name = HouseholdLedger;
			productName = HouseholdLedger;
			productReference = 110000000000000000000015 /* HouseholdLedger.app */;
			productType = "com.apple.product-type.application";
		};
/* End PBXNativeTarget section */

/* Begin PBXProject section */
		110000000000000000000061 /* Project object */ = {
			isa = PBXProject;
			attributes = {
				BuildIndependentTargetsInParallel = 1;
				LastSwiftUpdateCheck = 1640;
				LastUpgradeCheck = 1640;
				TargetAttributes = {
					110000000000000000000041 = {
						CreatedOnToolsVersion = 16.4;
					};
				};
			};
			buildConfigurationList = 110000000000000000000062 /* Build configuration list for PBXProject "HouseholdLedger" */;
			compatibilityVersion = "Xcode 15.0";
			developmentRegion = en;
			hasScannedForEncodings = 0;
			knownRegions = (
				en,
				Base,
			);
			mainGroup = 110000000000000000000031;
			minimizedProjectReferenceProxies = 1;
			productRefGroup = 110000000000000000000033 /* Products */;
			projectDirPath = "";
			projectRoot = "";
			targets = (
				110000000000000000000041 /* HouseholdLedger */,
			);
		};
/* End PBXProject section */

/* Begin PBXResourcesBuildPhase section */
		110000000000000000000052 /* Resources */ = {
			isa = PBXResourcesBuildPhase;
			buildActionMask = 2147483647;
			files = (
				110000000000000000000005 /* Assets.xcassets in Resources */,
			);
			runOnlyForDeploymentPostprocessing = 0;
		};
/* End PBXResourcesBuildPhase section */

/* Begin PBXSourcesBuildPhase section */
		110000000000000000000051 /* Sources */ = {
			isa = PBXSourcesBuildPhase;
			buildActionMask = 2147483647;
			files = (
				110000000000000000000001 /* HouseholdLedgerApp.swift in Sources */,
				110000000000000000000002 /* RootView.swift in Sources */,
				110000000000000000000006 /* AddExpenseView.swift in Sources */,
				110000000000000000000007 /* ExpenseListView.swift in Sources */,
				110000000000000000000008 /* OverviewView.swift in Sources */,
				110000000000000000000009 /* SettlementManagementView.swift in Sources */,
				110000000000000000000010 /* RecentSettlementsSection.swift in Sources */,
				110000000000000000000003 /* LedgerStore.swift in Sources */,
				110000000000000000000004 /* Models.swift in Sources */,
				110000000000000000000090 /* SummarySection.swift in Sources */,
				110000000000000000000091 /* ExpenseRow.swift in Sources */,
				110000000000000000000092 /* MetricRow.swift in Sources */,
				110000000000000000000093 /* SettlementMessage.swift in Sources */,
				110000000000000000000094 /* LedgerFormatters.swift in Sources */,
			);
			runOnlyForDeploymentPostprocessing = 0;
		};
/* End PBXSourcesBuildPhase section */

/* Begin XCBuildConfiguration section */
		110000000000000000000081 /* Debug */ = {
			isa = XCBuildConfiguration;
			buildSettings = {
				ALWAYS_SEARCH_USER_PATHS = NO;
				CLANG_ANALYZER_NONNULL = YES;
				CLANG_ANALYZER_NUMBER_OBJECT_CONVERSION = YES_AGGRESSIVE;
				CLANG_CXX_LANGUAGE_STANDARD = "gnu++20";
				CLANG_ENABLE_MODULES = YES;
				CLANG_ENABLE_OBJC_ARC = YES;
				CLANG_ENABLE_OBJC_WEAK = YES;
				CLANG_WARN_BLOCK_CAPTURE_AUTORELEASING = YES;
				CLANG_WARN_BOOL_CONVERSION = YES;
				CLANG_WARN_COMMA = YES;
				CLANG_WARN_CONSTANT_CONVERSION = YES;
				CLANG_WARN_DEPRECATED_OBJC_IMPLEMENTATIONS = YES;
				CLANG_WARN_DIRECT_OBJC_ISA_USAGE = YES_ERROR;
				CLANG_WARN_DOCUMENTATION_COMMENTS = YES;
				CLANG_WARN_EMPTY_BODY = YES;
				CLANG_WARN_ENUM_CONVERSION = YES;
				CLANG_WARN_INFINITE_RECURSION = YES;
				CLANG_WARN_INT_CONVERSION = YES;
				CLANG_WARN_NON_LITERAL_NULL_CONVERSION = YES;
				CLANG_WARN_OBJC_IMPLICIT_RETAIN_SELF = YES;
				CLANG_WARN_OBJC_LITERAL_CONVERSION = YES;
				CLANG_WARN_OBJC_ROOT_CLASS = YES_ERROR;
				CLANG_WARN_QUOTED_INCLUDE_IN_FRAMEWORK_HEADER = YES;
				CLANG_WARN_RANGE_LOOP_ANALYSIS = YES;
				CLANG_WARN_STRICT_PROTOTYPES = YES;
				CLANG_WARN_SUSPICIOUS_MOVE = YES;
				CLANG_WARN_UNGUARDED_AVAILABILITY = YES_AGGRESSIVE;
				CLANG_WARN_UNREACHABLE_CODE = YES;
				CLANG_WARN__DUPLICATE_METHOD_MATCH = YES;
				COPY_PHASE_STRIP = NO;
				DEBUG_INFORMATION_FORMAT = dwarf;
				ENABLE_STRICT_OBJC_MSGSEND = YES;
				ENABLE_TESTABILITY = YES;
				GCC_C_LANGUAGE_STANDARD = gnu17;
				GCC_DYNAMIC_NO_PIC = NO;
				GCC_NO_COMMON_BLOCKS = YES;
				GCC_OPTIMIZATION_LEVEL = 0;
				GCC_PREPROCESSOR_DEFINITIONS = (
					"DEBUG=1",
					"$(inherited)",
				);
				GCC_WARN_64_TO_32_BIT_CONVERSION = YES;
				GCC_WARN_ABOUT_RETURN_TYPE = YES_ERROR;
				GCC_WARN_UNDECLARED_SELECTOR = YES;
				GCC_WARN_UNINITIALIZED_AUTOS = YES_AGGRESSIVE;
				GCC_WARN_UNUSED_FUNCTION = YES;
				GCC_WARN_UNUSED_VARIABLE = YES;
				IPHONEOS_DEPLOYMENT_TARGET = 17.0;
				MTL_ENABLE_DEBUG_INFO = INCLUDE_SOURCE;
				MTL_FAST_MATH = YES;
				ONLY_ACTIVE_ARCH = YES;
				SDKROOT = iphoneos;
				SWIFT_ACTIVE_COMPILATION_CONDITIONS = DEBUG;
				SWIFT_OPTIMIZATION_LEVEL = "-Onone";
			};
			name = Debug;
		};
		110000000000000000000082 /* Release */ = {
			isa = XCBuildConfiguration;
			buildSettings = {
				ALWAYS_SEARCH_USER_PATHS = NO;
				CLANG_ANALYZER_NONNULL = YES;
				CLANG_ANALYZER_NUMBER_OBJECT_CONVERSION = YES_AGGRESSIVE;
				CLANG_CXX_LANGUAGE_STANDARD = "gnu++20";
				CLANG_ENABLE_MODULES = YES;
				CLANG_ENABLE_OBJC_ARC = YES;
				CLANG_ENABLE_OBJC_WEAK = YES;
				CLANG_WARN_BLOCK_CAPTURE_AUTORELEASING = YES;
				CLANG_WARN_BOOL_CONVERSION = YES;
				CLANG_WARN_COMMA = YES;
				CLANG_WARN_CONSTANT_CONVERSION = YES;
				CLANG_WARN_DEPRECATED_OBJC_IMPLEMENTATIONS = YES;
				CLANG_WARN_DIRECT_OBJC_ISA_USAGE = YES_ERROR;
				CLANG_WARN_DOCUMENTATION_COMMENTS = YES;
				CLANG_WARN_EMPTY_BODY = YES;
				CLANG_WARN_ENUM_CONVERSION = YES;
				CLANG_WARN_INFINITE_RECURSION = YES;
				CLANG_WARN_INT_CONVERSION = YES;
				CLANG_WARN_NON_LITERAL_NULL_CONVERSION = YES;
				CLANG_WARN_OBJC_IMPLICIT_RETAIN_SELF = YES;
				CLANG_WARN_OBJC_LITERAL_CONVERSION = YES;
				CLANG_WARN_OBJC_ROOT_CLASS = YES_ERROR;
				CLANG_WARN_QUOTED_INCLUDE_IN_FRAMEWORK_HEADER = YES;
				CLANG_WARN_RANGE_LOOP_ANALYSIS = YES;
				CLANG_WARN_STRICT_PROTOTYPES = YES;
				CLANG_WARN_SUSPICIOUS_MOVE = YES;
				CLANG_WARN_UNGUARDED_AVAILABILITY = YES_AGGRESSIVE;
				CLANG_WARN_UNREACHABLE_CODE = YES;
				CLANG_WARN__DUPLICATE_METHOD_MATCH = YES;
				COPY_PHASE_STRIP = NO;
				DEBUG_INFORMATION_FORMAT = "dwarf-with-dsym";
				ENABLE_NS_ASSERTIONS = NO;
				ENABLE_STRICT_OBJC_MSGSEND = YES;
				GCC_C_LANGUAGE_STANDARD = gnu17;
				GCC_NO_COMMON_BLOCKS = YES;
				GCC_WARN_64_TO_32_BIT_CONVERSION = YES;
				GCC_WARN_ABOUT_RETURN_TYPE = YES_ERROR;
				GCC_WARN_UNDECLARED_SELECTOR = YES;
				GCC_WARN_UNINITIALIZED_AUTOS = YES_AGGRESSIVE;
				GCC_WARN_UNUSED_FUNCTION = YES;
				GCC_WARN_UNUSED_VARIABLE = YES;
				IPHONEOS_DEPLOYMENT_TARGET = 17.0;
				MTL_ENABLE_DEBUG_INFO = NO;
				MTL_FAST_MATH = YES;
				SDKROOT = iphoneos;
				SWIFT_COMPILATION_MODE = wholemodule;
				VALIDATE_PRODUCT = YES;
			};
			name = Release;
		};
		110000000000000000000083 /* Debug */ = {
			isa = XCBuildConfiguration;
			buildSettings = {
				CODE_SIGN_STYLE = Automatic;
				CURRENT_PROJECT_VERSION = 1;
				DEVELOPMENT_TEAM = "";
				ENABLE_PREVIEWS = YES;
				GENERATE_INFOPLIST_FILE = YES;
				ASSETCATALOG_COMPILER_APPICON_NAME = AppIcon;
				INFOPLIST_KEY_CFBundleDisplayName = "家庭记账本";
				INFOPLIST_KEY_LSApplicationCategoryType = "public.app-category.finance";
				INFOPLIST_KEY_UIApplicationSceneManifest_Generation = YES;
				INFOPLIST_KEY_UIApplicationSupportsIndirectInputEvents = YES;
				INFOPLIST_KEY_UILaunchScreen_Generation = YES;
				INFOPLIST_KEY_UISupportedInterfaceOrientations = "UIInterfaceOrientationPortrait UIInterfaceOrientationLandscapeLeft UIInterfaceOrientationLandscapeRight";
				INFOPLIST_KEY_UISupportedInterfaceOrientations_iPad = "UIInterfaceOrientationPortrait UIInterfaceOrientationPortraitUpsideDown UIInterfaceOrientationLandscapeLeft UIInterfaceOrientationLandscapeRight";
				MARKETING_VERSION = 1.0;
				PRODUCT_BUNDLE_IDENTIFIER = com.local.HouseholdLedger;
				PRODUCT_NAME = "$(TARGET_NAME)";
				SUPPORTED_PLATFORMS = "iphoneos iphonesimulator";
				SUPPORTS_MACCATALYST = NO;
				SWIFT_EMIT_LOC_STRINGS = YES;
				SWIFT_VERSION = 5.0;
				TARGETED_DEVICE_FAMILY = "1,2";
			};
			name = Debug;
		};
		110000000000000000000084 /* Release */ = {
			isa = XCBuildConfiguration;
			buildSettings = {
				CODE_SIGN_STYLE = Automatic;
				CURRENT_PROJECT_VERSION = 1;
				DEVELOPMENT_TEAM = "";
				ENABLE_PREVIEWS = YES;
				GENERATE_INFOPLIST_FILE = YES;
				ASSETCATALOG_COMPILER_APPICON_NAME = AppIcon;
				INFOPLIST_KEY_CFBundleDisplayName = "家庭记账本";
				INFOPLIST_KEY_LSApplicationCategoryType = "public.app-category.finance";
				INFOPLIST_KEY_UIApplicationSceneManifest_Generation = YES;
				INFOPLIST_KEY_UIApplicationSupportsIndirectInputEvents = YES;
				INFOPLIST_KEY_UILaunchScreen_Generation = YES;
				INFOPLIST_KEY_UISupportedInterfaceOrientations = "UIInterfaceOrientationPortrait UIInterfaceOrientationLandscapeLeft UIInterfaceOrientationLandscapeRight";
				INFOPLIST_KEY_UISupportedInterfaceOrientations_iPad = "UIInterfaceOrientationPortrait UIInterfaceOrientationPortraitUpsideDown UIInterfaceOrientationLandscapeLeft UIInterfaceOrientationLandscapeRight";
				MARKETING_VERSION = 1.0;
				PRODUCT_BUNDLE_IDENTIFIER = com.local.HouseholdLedger;
				PRODUCT_NAME = "$(TARGET_NAME)";
				SUPPORTED_PLATFORMS = "iphoneos iphonesimulator";
				SUPPORTS_MACCATALYST = NO;
				SWIFT_EMIT_LOC_STRINGS = YES;
				SWIFT_VERSION = 5.0;
				TARGETED_DEVICE_FAMILY = "1,2";
			};
			name = Release;
		};
/* End XCBuildConfiguration section */

/* Begin XCConfigurationList section */
		110000000000000000000062 /* Build configuration list for PBXProject "HouseholdLedger" */ = {
			isa = XCConfigurationList;
			buildConfigurations = (
				110000000000000000000081 /* Debug */,
				110000000000000000000082 /* Release */,
			);
			defaultConfigurationIsVisible = 0;
			defaultConfigurationName = Release;
		};
		110000000000000000000071 /* Build configuration list for PBXNativeTarget "HouseholdLedger" */ = {
			isa = XCConfigurationList;
			buildConfigurations = (
				110000000000000000000083 /* Debug */,
				110000000000000000000084 /* Release */,
			);
			defaultConfigurationIsVisible = 0;
			defaultConfigurationName = Release;
		};
/* End XCConfigurationList section */
	};
	rootObject = 110000000000000000000061 /* Project object */;
}
